// !$*UTF8*$!
{
	archiveVersion = 1;
	classes = {
	};
	objectVersion = 50;
	objects = {

/* Begin PBXBuildFile section */
		504D9D8D2189B643003BFC4C /* AppDelegate.swift in Sources */ = {isa = PBXBuildFile; fileRef = 504D9D8C2189B643003BFC4C /* AppDelegate.swift */; };
		504D9D942189B646003BFC4C /* Assets.xcassets in Resources */ = {isa = PBXBuildFile; fileRef = 504D9D932189B646003BFC4C /* Assets.xcassets */; };
		504D9D972189B646003BFC4C /* LaunchScreen.storyboard in Resources */ = {isa = PBXBuildFile; fileRef = 504D9D952189B646003BFC4C /* LaunchScreen.storyboard */; };
		504D9DA02189B6AB003BFC4C /* MFNavigationBarAppearingContoller.swift in Sources */ = {isa = PBXBuildFile; fileRef = 504D9D9F2189B6AB003BFC4C /* MFNavigationBarAppearingContoller.swift */; };
		504D9DA22189B6D3003BFC4C /* MFNavigationBarAppearer.swift in Sources */ = {isa = PBXBuildFile; fileRef = 504D9DA12189B6D3003BFC4C /* MFNavigationBarAppearer.swift */; };
		504D9DA42189B709003BFC4C /* MFAppearingNavigationBar.swift in Sources */ = {isa = PBXBuildFile; fileRef = 504D9DA32189B709003BFC4C /* MFAppearingNavigationBar.swift */; };
		504D9DA82189F458003BFC4C /* MainViewController.swift in Sources */ = {isa = PBXBuildFile; fileRef = 504D9DA62189F458003BFC4C /* MainViewController.swift */; };
		504D9DA92189F458003BFC4C /* MainViewController.xib in Resources */ = {isa = PBXBuildFile; fileRef = 504D9DA72189F458003BFC4C /* MainViewController.xib */; };
		50981ED1218C598E00C39DA5 /* MFLabelView.swift in Sources */ = {isa = PBXBuildFile; fileRef = 50981ED0218C598E00C39DA5 /* MFLabelView.swift */; };
/* End PBXBuildFile section */

/* Begin PBXFileReference section */
		504D9D892189B643003BFC4C /* MFNavigationBarAppearing.app */ = {isa = PBXFileReference; explicitFileType = wrapper.application; includeInIndex = 0; path = MFNavigationBarAppearing.app; sourceTree = BUILT_PRODUCTS_DIR; };
		504D9D8C2189B643003BFC4C /* AppDelegate.swift */ = {isa = PBXFileReference; lastKnownFileType = sourcecode.swift; path = AppDelegate.swift; sourceTree = "<group>"; };
		504D9D932189B646003BFC4C /* Assets.xcassets */ = {isa = PBXFileReference; lastKnownFileType = folder.assetcatalog; path = Assets.xcassets; sourceTree = "<group>"; };
		504D9D962189B646003BFC4C /* Base */ = {isa = PBXFileReference; lastKnownFileType = file.storyboard; name = Base; path = Base.lproj/LaunchScreen.storyboard; sourceTree = "<group>"; };
		504D9D982189B646003BFC4C /* Info.plist */ = {isa = PBXFileReference; lastKnownFileType = text.plist.xml; path = Info.plist; sourceTree = "<group>"; };
		504D9D9F2189B6AB003BFC4C /* MFNavigationBarAppearingContoller.swift */ = {isa = PBXFileReference; lastKnownFileType = sourcecode.swift; path = MFNavigationBarAppearingContoller.swift; sourceTree = "<group>"; };
		504D9DA12189B6D3003BFC4C /* MFNavigationBarAppearer.swift */ = {isa = PBXFileReference; lastKnownFileType = sourcecode.swift; path = MFNavigationBarAppearer.swift; sourceTree = "<group>"; };
		504D9DA32189B709003BFC4C /* MFAppearingNavigationBar.swift */ = {isa = PBXFileReference; lastKnownFileType = sourcecode.swift; path = MFAppearingNavigationBar.swift; sourceTree = "<group>"; };
		504D9DA62189F458003BFC4C /* MainViewController.swift */ = {isa = PBXFileReference; lastKnownFileType = sourcecode.swift; path = MainViewController.swift; sourceTree = "<group>"; };
		504D9DA72189F458003BFC4C /* MainViewController.xib */ = {isa = PBXFileReference; lastKnownFileType = file.xib; path = MainViewController.xib; sourceTree = "<group>"; };
		50981ED0218C598E00C39DA5 /* MFLabelView.swift */ = {isa = PBXFileReference; lastKnownFileType = sourcecode.swift; path = MFLabelView.swift; sourceTree = "<group>"; };
/* End PBXFileReference section */

/* Begin PBXFrameworksBuildPhase section */
		504D9D862189B643003BFC4C /* Frameworks */ = {
			isa = PBXFrameworksBuildPhase;
			buildActionMask = 2147483647;
			files = (
			);
			runOnlyForDeploymentPostprocessing = 0;
		};
/* End PBXFrameworksBuildPhase section */

/* Begin PBXGroup section */
		504D9D802189B643003BFC4C = {
			isa = PBXGroup;
			children = (
				504D9D8B2189B643003BFC4C /* MFNavigationBarAppearing */,
				504D9D8A2189B643003BFC4C /* Products */,
			);
			sourceTree = "<group>";
		};
		504D9D8A2189B643003BFC4C /* Products */ = {
			isa = PBXGroup;
			children = (
				504D9D892189B643003BFC4C /* MFNavigationBarAppearing.app */,
			);
			name = Products;
			sourceTree = "<group>";
		};
		504D9D8B2189B643003BFC4C /* MFNavigationBarAppearing */ = {
			isa = PBXGroup;
			children = (
				504D9DA52189F447003BFC4C /* Example */,
				504D9D9E2189B66D003BFC4C /* Code */,
				504D9D8C2189B643003BFC4C /* AppDelegate.swift */,
				504D9D932189B646003BFC4C /* Assets.xcassets */,
				504D9D952189B646003BFC4C /* LaunchScreen.storyboard */,
				504D9D982189B646003BFC4C /* Info.plist */,
			);
			path = MFNavigationBarAppearing;
			sourceTree = "<group>";
		};
		504D9D9E2189B66D003BFC4C /* Code */ = {
			isa = PBXGroup;
			children = (
				504D9D9F2189B6AB003BFC4C /* MFNavigationBarAppearingContoller.swift */,
				504D9DA12189B6D3003BFC4C /* MFNavigationBarAppearer.swift */,
				504D9DA32189B709003BFC4C /* MFAppearingNavigationBar.swift */,
				50981ED0218C598E00C39DA5 /* MFLabelView.swift */,
			);
			path = Code;
			sourceTree = "<group>";
		};
		504D9DA52189F447003BFC4C /* Example */ = {
			isa = PBXGroup;
			children = (
				504D9DA62189F458003BFC4C /* MainViewController.swift */,
				504D9DA72189F458003BFC4C /* MainViewController.xib */,
			);
			path = Example;
			sourceTree = "<group>";
		};
/* End PBXGroup section */

/* Begin PBXNativeTarget section */
		504D9D882189B643003BFC4C /* MFNavigationBarAppearing */ = {
			isa = PBXNativeTarget;
			buildConfigurationList = 504D9D9B2189B646003BFC4C /* Build configuration list for PBXNativeTarget "MFNavigationBarAppearing" */;
			buildPhases = (
				504D9D852189B643003BFC4C /* Sources */,
				504D9D862189B643003BFC4C /* Frameworks */,
				504D9D872189B643003BFC4C /* Resources */,
			);
			buildRules = (
			);
			dependencies = (
			);
			name = MFNavigationBarAppearing;
			productName = MFNavigationBarAppearing;
			productReference = 504D9D892189B643003BFC4C /* MFNavigationBarAppearing.app */;
			productType = "com.apple.product-type.application";
		};
/* End PBXNativeTarget section */

/* Begin PBXProject section */
		504D9D812189B643003BFC4C /* Project object */ = {
			isa = PBXProject;
			attributes = {
				LastSwiftUpdateCheck = 1000;
				LastUpgradeCheck = 1000;
				ORGANIZATIONNAME = molfar.io;
				TargetAttributes = {
					504D9D882189B643003BFC4C = {
						CreatedOnToolsVersion = 10.0;
					};
				};
			};
			buildConfigurationList = 504D9D842189B643003BFC4C /* Build configuration list for PBXProject "MFNavigationBarAppearing" */;
			compatibilityVersion = "Xcode 9.3";
			developmentRegion = en;
			hasScannedForEncodings = 0;
			knownRegions = (
				en,
				Base,
			);
			mainGroup = 504D9D802189B643003BFC4C;
			productRefGroup = 504D9D8A2189B643003BFC4C /* Products */;
			projectDirPath = "";
			projectRoot = "";
			targets = (
				504D9D882189B643003BFC4C /* MFNavigationBarAppearing */,
			);
		};
/* End PBXProject section */

/* Begin PBXResourcesBuildPhase section */
		504D9D872189B643003BFC4C /* Resources */ = {
			isa = PBXResourcesBuildPhase;
			buildActionMask = 2147483647;
			files = (
				504D9D972189B646003BFC4C /* LaunchScreen.storyboard in Resources */,
				504D9DA92189F458003BFC4C /* MainViewController.xib in Resources */,
				504D9D942189B646003BFC4C /* Assets.xcassets in Resources */,
			);
			runOnlyForDeploymentPostprocessing = 0;
		};
/* End PBXResourcesBuildPhase section */

/* Begin PBXSourcesBuildPhase section */
		504D9D852189B643003BFC4C /* Sources */ = {
			isa = PBXSourcesBuildPhase;
			buildActionMask = 2147483647;
			files = (
				504D9DA42189B709003BFC4C /* MFAppearingNavigationBar.swift in Sources */,
				504D9DA22189B6D3003BFC4C /* MFNavigationBarAppearer.swift in Sources */,
				50981ED1218C598E00C39DA5 /* MFLabelView.swift in Sources */,
				504D9DA82189F458003BFC4C /* MainViewController.swift in Sources */,
				504D9DA02189B6AB003BFC4C /* MFNavigationBarAppearingContoller.swift in Sources */,
				504D9D8D2189B643003BFC4C /* AppDelegate.swift in Sources */,
			);
			runOnlyForDeploymentPostprocessing = 0;
		};
/* End PBXSourcesBuildPhase section */

/* Begin PBXVariantGroup section */
		504D9D952189B646003BFC4C /* LaunchScreen.storyboard */ = {
			isa = PBXVariantGroup;
			children = (
				504D9D962189B646003BFC4C /* Base */,
			);
			name = LaunchScreen.storyboard;
			sourceTree = "<group>";
		};
/* End PBXVariantGroup section */

/* Begin XCBuildConfiguration section */
		504D9D992189B646003BFC4C /* Debug */ = {
			isa = XCBuildConfiguration;
			buildSettings = {
				ALWAYS_SEARCH_USER_PATHS = NO;
				CLANG_ANALYZER_NONNULL = YES;
				CLANG_ANALYZER_NUMBER_OBJECT_CONVERSION = YES_AGGRESSIVE;
				CLANG_CXX_LANGUAGE_STANDARD = "gnu++14";
				CLANG_CXX_LIBRARY = "libc++";
				CLANG_ENABLE_MODULES = YES;
				CLANG_ENABLE_OBJC_ARC = YES;
				CLANG_ENABLE_OBJC_WEAK = YES;
				CLANG_WARN_BLOCK_CAPTURE_AUTORELEASING = YES;
				CLANG_WARN_BOOL_CONVERSION = YES;
				CLANG_WARN_COMMA = YES;
				CLANG_WARN_CONSTANT_CONVERSION = YES;
				CLANG_WARN_DEPRECATED_OBJC_IMPLEMENTATIONS = YES;
				CLANG_WARN_DIRECT_OBJC_ISA_USAGE = YES_ERROR;
				CLANG_WARN_DOCUMENTATION_COMMENTS = YES;
				CLANG_WARN_EMPTY_BODY = YES;
				CLANG_WARN_ENUM_CONVERSION = YES;
				CLANG_WARN_INFINITE_RECURSION = YES;
				CLANG_WARN_INT_CONVERSION = YES;
				CLANG_WARN_NON_LITERAL_NULL_CONVERSION = YES;
				CLANG_WARN_OBJC_IMPLICIT_RETAIN_SELF = YES;
				CLANG_WARN_OBJC_LITERAL_CONVERSION = YES;
				CLANG_WARN_OBJC_ROOT_CLASS = YES_ERROR;
				CLANG_WARN_RANGE_LOOP_ANALYSIS = YES;
				CLANG_WARN_STRICT_PROTOTYPES = YES;
				CLANG_WARN_SUSPICIOUS_MOVE = YES;
				CLANG_WARN_UNGUARDED_AVAILABILITY = YES_AGGRESSIVE;
				CLANG_WARN_UNREACHABLE_CODE = YES;
				CLANG_WARN__DUPLICATE_METHOD_MATCH = YES;
				CODE_SIGN_IDENTITY = "iPhone Developer";
				COPY_PHASE_STRIP = NO;
				DEBUG_INFORMATION_FORMAT = dwarf;
				ENABLE_STRICT_OBJC_MSGSEND = YES;
				ENABLE_TESTABILITY = YES;
				GCC_C_LANGUAGE_STANDARD = gnu11;
				GCC_DYNAMIC_NO_PIC = NO;
				GCC_NO_COMMON_BLOCKS = YES;
				GCC_OPTIMIZATION_LEVEL = 0;
				GCC_PREPROCESSOR_DEFINITIONS = (
					"DEBUG=1",
					"$(inherited)",
				);
				GCC_WARN_64_TO_32_BIT_CONVERSION = YES;
				GCC_WARN_ABOUT_RETURN_TYPE = YES_ERROR;
				GCC_WARN_UNDECLARED_SELECTOR = YES;
				GCC_WARN_UNINITIALIZED_AUTOS = YES_AGGRESSIVE;
				GCC_WARN_UNUSED_FUNCTION = YES;
				GCC_WARN_UNUSED_VARIABLE = YES;
				IPHONEOS_DEPLOYMENT_TARGET = 12.0;
				MTL_ENABLE_DEBUG_INFO = INCLUDE_SOURCE;
				MTL_FAST_MATH = YES;
				ONLY_ACTIVE_ARCH = YES;
				SDKROOT = iphoneos;
				SWIFT_ACTIVE_COMPILATION_CONDITIONS = DEBUG;
				SWIFT_OPTIMIZATION_LEVEL = "-Onone";
			};
			name = Debug;
		};
		504D9D9A2189B646003BFC4C /* Release */ = {
			isa = XCBuildConfiguration;
			buildSettings = {
				ALWAYS_SEARCH_USER_PATHS = NO;
				CLANG_ANALYZER_NONNULL = YES;
				CLANG_ANALYZER_NUMBER_OBJECT_CONVERSION = YES_AGGRESSIVE;
				CLANG_CXX_LANGUAGE_STANDARD = "gnu++14";
				CLANG_CXX_LIBRARY = "libc++";
				CLANG_ENABLE_MODULES = YES;
				CLANG_ENABLE_OBJC_ARC = YES;
				CLANG_ENABLE_OBJC_WEAK = YES;
				CLANG_WARN_BLOCK_CAPTURE_AUTORELEASING = YES;
				CLANG_WARN_BOOL_CONVERSION = YES;
				CLANG_WARN_COMMA = YES;
				CLANG_WARN_CONSTANT_CONVERSION = YES;
				CLANG_WARN_DEPRECATED_OBJC_IMPLEMENTATIONS = YES;
				CLANG_WARN_DIRECT_OBJC_ISA_USAGE = YES_ERROR;
				CLANG_WARN_DOCUMENTATION_COMMENTS = YES;
				CLANG_WARN_EMPTY_BODY = YES;
				CLANG_WARN_ENUM_CONVERSION = YES;
				CLANG_WARN_INFINITE_RECURSION = YES;
				CLANG_WARN_INT_CONVERSION = YES;
				CLANG_WARN_NON_LITERAL_NULL_CONVERSION = YES;
				CLANG_WARN_OBJC_IMPLICIT_RETAIN_SELF = YES;
				CLANG_WARN_OBJC_LITERAL_CONVERSION = YES;
				CLANG_WARN_OBJC_ROOT_CLASS = YES_ERROR;
				CLANG_WARN_RANGE_LOOP_ANALYSIS = YES;
				CLANG_WARN_STRICT_PROTOTYPES = YES;
				CLANG_WARN_SUSPICIOUS_MOVE = YES;
				CLANG_WARN_UNGUARDED_AVAILABILITY = YES_AGGRESSIVE;
				CLANG_WARN_UNREACHABLE_CODE = YES;
				CLANG_WARN__DUPLICATE_METHOD_MATCH = YES;
				CODE_SIGN_IDENTITY = "iPhone Developer";
				COPY_PHASE_STRIP = NO;
				DEBUG_INFORMATION_FORMAT = "dwarf-with-dsym";
				ENABLE_NS_ASSERTIONS = NO;
				ENABLE_STRICT_OBJC_MSGSEND = YES;
				GCC_C_LANGUAGE_STANDARD = gnu11;
				GCC_NO_COMMON_BLOCKS = YES;
				GCC_WARN_64_TO_32_BIT_CONVERSION = YES;
				GCC_WARN_ABOUT_RETURN_TYPE = YES_ERROR;
				GCC_WARN_UNDECLARED_SELECTOR = YES;
				GCC_WARN_UNINITIALIZED_AUTOS = YES_AGGRESSIVE;
				GCC_WARN_UNUSED_FUNCTION = YES;
				GCC_WARN_UNUSED_VARIABLE = YES;
				IPHONEOS_DEPLOYMENT_TARGET = 12.0;
				MTL_ENABLE_DEBUG_INFO = NO;
				MTL_FAST_MATH = YES;
				SDKROOT = iphoneos;
				SWIFT_COMPILATION_MODE = wholemodule;
				SWIFT_OPTIMIZATION_LEVEL = "-O";
				VALIDATE_PRODUCT = YES;
			};
			name = Release;
		};
		504D9D9C2189B646003BFC4C /* Debug */ = {
			isa = XCBuildConfiguration;
			buildSettings = {
				ASSETCATALOG_COMPILER_APPICON_NAME = AppIcon;
				CODE_SIGN_STYLE = Automatic;
				DEVELOPMENT_TEAM = XK5AEQZHJU;
				INFOPLIST_FILE = MFNavigationBarAppearing/Info.plist;
				IPHONEOS_DEPLOYMENT_TARGET = 10.0;
				LD_RUNPATH_SEARCH_PATHS = (
					"$(inherited)",
					"@executable_path/Frameworks",
				);
				PRODUCT_BUNDLE_IDENTIFIER = io.molfar.MFNavigationBarAppearing;
				PRODUCT_NAME = "$(TARGET_NAME)";
				SWIFT_VERSION = 4.2;
				TARGETED_DEVICE_FAMILY = 1;
			};
			name = Debug;
		};
		504D9D9D2189B646003BFC4C /* Release */ = {
			isa = XCBuildConfiguration;
			buildSettings = {
				ASSETCATALOG_COMPILER_APPICON_NAME = AppIcon;
				CODE_SIGN_STYLE = Automatic;
				DEVELOPMENT_TEAM = XK5AEQZHJU;
				INFOPLIST_FILE = MFNavigationBarAppearing/Info.plist;
				IPHONEOS_DEPLOYMENT_TARGET = 10.0;
				LD_RUNPATH_SEARCH_PATHS = (
					"$(inherited)",
					"@executable_path/Frameworks",
				);
				PRODUCT_BUNDLE_IDENTIFIER = io.molfar.MFNavigationBarAppearing;
				PRODUCT_NAME = "$(TARGET_NAME)";
				SWIFT_VERSION = 4.2;
				TARGETED_DEVICE_FAMILY = 1;
			};
			name = Release;
		};
/* End XCBuildConfiguration section */

/* Begin XCConfigurationList section */
		504D9D842189B643003BFC4C /* Build configuration list for PBXProject "MFNavigationBarAppearing" */ = {
			isa = XCConfigurationList;
			buildConfigurations = (
				504D9D992189B646003BFC4C /* Debug */,
				504D9D9A2189B646003BFC4C /* Release */,
			);
			defaultConfigurationIsVisible = 0;
			defaultConfigurationName = Release;
		};
		504D9D9B2189B646003BFC4C /* Build configuration list for PBXNativeTarget "MFNavigationBarAppearing" */ = {
			isa = XCConfigurationList;
			buildConfigurations = (
				504D9D9C2189B646003BFC4C /* Debug */,
				504D9D9D2189B646003BFC4C /* Release */,
			);
			defaultConfigurationIsVisible = 0;
			defaultConfigurationName = Release;
		};
/* End XCConfigurationList section */
	};
	rootObject = 504D9D812189B643003BFC4C /* Project object */;
}
